
Microsoft Visual Studio Solution File, Format Version 12.00
# Visual Studio Version 16
VisualStudioVersion = 16.0.33027.164
MinimumVisualStudioVersion = 10.0.40219.1
Project("{FAE04EC0-301F-11D3-BF4B-00C04F79EFBC}") = "API", "API\API.csproj", "{B92687FF-140E-4CB3-B6D6-0703620F8B14}"
EndProject
Global
	GlobalSection(SolutionConfigurationPlatforms) = preSolution
		Debug|Any CPU = Debug|Any CPU
		Release|Any CPU = Release|Any CPU
	EndGlobalSection
	GlobalSection(ProjectConfigurationPlatforms) = postSolution
		{B92687FF-140E-4CB3-B6D6-0703620F8B14}.Debug|Any CPU.ActiveCfg = Debug|Any CPU
		{B92687FF-140E-4CB3-B6D6-0703620F8B14}.Debug|Any CPU.Build.0 = Debug|Any CPU
		{B92687FF-140E-4CB3-B6D6-0703620F8B14}.Release|Any CPU.ActiveCfg = Release|Any CPU
		{B92687FF-140E-4CB3-B6D6-0703620F8B14}.Release|Any CPU.Build.0 = Release|Any CPU
	EndGlobalSection
	GlobalSection(SolutionProperties) = preSolution
		HideSolutionNode = FALSE
	EndGlobalSection
	GlobalSection(ExtensibilityGlobals) = postSolution
		SolutionGuid = {F7489A1A-12A5-4C4C-9AF9-AF8282130903}
	EndGlobalSection
EndGlobal
